
Microsoft Visual Studio Solution File, Format Version 12.00
# Visual Studio 14
VisualStudioVersion = 14.0.25123.0
MinimumVisualStudioVersion = 10.0.40219.1
Project("{FAE04EC0-301F-11D3-BF4B-00C04F79EFBC}") = "Substrate (NET2)", "Substrate (NET2).csproj", "{AFE30E14-3F2F-4461-9F7D-147AB4DCA4C3}"
EndProject
Project("{2150E333-8FDC-42A3-9474-1A3956D46DE8}") = "Solution Items", "Solution Items", "{3E89D2F4-E9AF-4DBC-AB0B-8BED3C607012}"
EndProject
Project("{FAE04EC0-301F-11D3-BF4B-00C04F79EFBC}") = "Substrate.Tests", "..\Substrate.Tests\Substrate.Tests.csproj", "{5D875E2D-AD97-43DB-9180-DBA3F26DC569}"
EndProject
Project("{FAE04EC0-301F-11D3-BF4B-00C04F79EFBC}") = "Ionic.Zlib", "..\Ionic.Zlib\Ionic.Zlib.csproj", "{EB3B4C24-FC85-427E-90A1-CE744E93510D}"
EndProject
Project("{2150E333-8FDC-42A3-9474-1A3956D46DE8}") = "Tests", "Tests", "{BF24B30E-FACC-4FB6-B1DA-845CDFDF610F}"
EndProject
Project("{FAE04EC0-301F-11D3-BF4B-00C04F79EFBC}") = "Ionic.Zlib.Tests", "..\Tests\Ionic.Zlib.Tests\Ionic.Zlib.Tests.csproj", "{849C3857-A474-425B-BDFE-9A7A3DDC316F}"
EndProject
Global
	GlobalSection(SolutionConfigurationPlatforms) = preSolution
		Debug|Any CPU = Debug|Any CPU
		Release|Any CPU = Release|Any CPU
	EndGlobalSection
	GlobalSection(ProjectConfigurationPlatforms) = postSolution
		{AFE30E14-3F2F-4461-9F7D-147AB4DCA4C3}.Debug|Any CPU.ActiveCfg = Debug|Any CPU
		{AFE30E14-3F2F-4461-9F7D-147AB4DCA4C3}.Debug|Any CPU.Build.0 = Debug|Any CPU
		{AFE30E14-3F2F-4461-9F7D-147AB4DCA4C3}.Release|Any CPU.ActiveCfg = Release|Any CPU
		{AFE30E14-3F2F-4461-9F7D-147AB4DCA4C3}.Release|Any CPU.Build.0 = Release|Any CPU
		{5D875E2D-AD97-43DB-9180-DBA3F26DC569}.Debug|Any CPU.ActiveCfg = net40-client-Debug|Any CPU
		{5D875E2D-AD97-43DB-9180-DBA3F26DC569}.Debug|Any CPU.Build.0 = net40-client-Debug|Any CPU
		{5D875E2D-AD97-43DB-9180-DBA3F26DC569}.Release|Any CPU.ActiveCfg = net40-client-Release|Any CPU
		{5D875E2D-AD97-43DB-9180-DBA3F26DC569}.Release|Any CPU.Build.0 = net40-client-Release|Any CPU
		{EB3B4C24-FC85-427E-90A1-CE744E93510D}.Debug|Any CPU.ActiveCfg = Debug|Any CPU
		{EB3B4C24-FC85-427E-90A1-CE744E93510D}.Debug|Any CPU.Build.0 = Debug|Any CPU
		{EB3B4C24-FC85-427E-90A1-CE744E93510D}.Release|Any CPU.ActiveCfg = Release|Any CPU
		{EB3B4C24-FC85-427E-90A1-CE744E93510D}.Release|Any CPU.Build.0 = Release|Any CPU
		{849C3857-A474-425B-BDFE-9A7A3DDC316F}.Debug|Any CPU.ActiveCfg = Debug|Any CPU
		{849C3857-A474-425B-BDFE-9A7A3DDC316F}.Debug|Any CPU.Build.0 = Debug|Any CPU
		{849C3857-A474-425B-BDFE-9A7A3DDC316F}.Release|Any CPU.ActiveCfg = Release|Any CPU
		{849C3857-A474-425B-BDFE-9A7A3DDC316F}.Release|Any CPU.Build.0 = Release|Any CPU
	EndGlobalSection
	GlobalSection(SolutionProperties) = preSolution
		HideSolutionNode = FALSE
	EndGlobalSection
	GlobalSection(NestedProjects) = preSolution
		{849C3857-A474-425B-BDFE-9A7A3DDC316F} = {BF24B30E-FACC-4FB6-B1DA-845CDFDF610F}
	EndGlobalSection
EndGlobal
